// !$*UTF8*$!
{
	archiveVersion = 1;
	classes = {
	};
	objectVersion = 46;
	objects = {

/* Begin PBXBuildFile section */
		6FDCEC2F333A1A327B497424 /* Pods_MovieViewer.framework in Frameworks */ = {isa = PBXBuildFile; fileRef = 5B02F38C512EE82A005DB50B /* Pods_MovieViewer.framework */; };
		EC6490371E3EDDC300EC71DF /* AppDelegate.swift in Sources */ = {isa = PBXBuildFile; fileRef = EC6490361E3EDDC300EC71DF /* AppDelegate.swift */; };
		EC64903C1E3EDDC300EC71DF /* Main.storyboard in Resources */ = {isa = PBXBuildFile; fileRef = EC64903A1E3EDDC300EC71DF /* Main.storyboard */; };
		EC64903E1E3EDDC300EC71DF /* Assets.xcassets in Resources */ = {isa = PBXBuildFile; fileRef = EC64903D1E3EDDC300EC71DF /* Assets.xcassets */; };
		EC6490411E3EDDC300EC71DF /* LaunchScreen.storyboard in Resources */ = {isa = PBXBuildFile; fileRef = EC64903F1E3EDDC300EC71DF /* LaunchScreen.storyboard */; };
		EC6490491E3EE44F00EC71DF /* MoviesViewController.swift in Sources */ = {isa = PBXBuildFile; fileRef = EC6490481E3EE44F00EC71DF /* MoviesViewController.swift */; };
		EC7F4AB01E3EFF6C0040BAC1 /* MovieCell.swift in Sources */ = {isa = PBXBuildFile; fileRef = EC7F4AAF1E3EFF6C0040BAC1 /* MovieCell.swift */; };
/* End PBXBuildFile section */

/* Begin PBXFileReference section */
		5B02F38C512EE82A005DB50B /* Pods_MovieViewer.framework */ = {isa = PBXFileReference; explicitFileType = wrapper.framework; includeInIndex = 0; path = Pods_MovieViewer.framework; sourceTree = BUILT_PRODUCTS_DIR; };
		5B0E4D780E1A980E94E3FAC4 /* Pods-MovieViewer.debug.xcconfig */ = {isa = PBXFileReference; includeInIndex = 1; lastKnownFileType = text.xcconfig; name = "Pods-MovieViewer.debug.xcconfig"; path = "Pods/Target Support Files/Pods-MovieViewer/Pods-MovieViewer.debug.xcconfig"; sourceTree = "<group>"; };
		AAF091224DAABB502A0C4FBC /* Pods-MovieViewer.release.xcconfig */ = {isa = PBXFileReference; includeInIndex = 1; lastKnownFileType = text.xcconfig; name = "Pods-MovieViewer.release.xcconfig"; path = "Pods/Target Support Files/Pods-MovieViewer/Pods-MovieViewer.release.xcconfig"; sourceTree = "<group>"; };
		EC6490331E3EDDC300EC71DF /* MovieViewer.app */ = {isa = PBXFileReference; explicitFileType = wrapper.application; includeInIndex = 0; path = MovieViewer.app; sourceTree = BUILT_PRODUCTS_DIR; };
		EC6490361E3EDDC300EC71DF /* AppDelegate.swift */ = {isa = PBXFileReference; lastKnownFileType = sourcecode.swift; path = AppDelegate.swift; sourceTree = "<group>"; };
		EC64903B1E3EDDC300EC71DF /* Base */ = {isa = PBXFileReference; lastKnownFileType = file.storyboard; name = Base; path = Base.lproj/Main.storyboard; sourceTree = "<group>"; };
		EC64903D1E3EDDC300EC71DF /* Assets.xcassets */ = {isa = PBXFileReference; lastKnownFileType = folder.assetcatalog; path = Assets.xcassets; sourceTree = "<group>"; };
		EC6490401E3EDDC300EC71DF /* Base */ = {isa = PBXFileReference; lastKnownFileType = file.storyboard; name = Base; path = Base.lproj/LaunchScreen.storyboard; sourceTree = "<group>"; };
		EC6490421E3EDDC300EC71DF /* Info.plist */ = {isa = PBXFileReference; lastKnownFileType = text.plist.xml; path = Info.plist; sourceTree = "<group>"; };
		EC6490481E3EE44F00EC71DF /* MoviesViewController.swift */ = {isa = PBXFileReference; fileEncoding = 4; lastKnownFileType = sourcecode.swift; path = MoviesViewController.swift; sourceTree = "<group>"; };
		EC7F4AAF1E3EFF6C0040BAC1 /* MovieCell.swift */ = {isa = PBXFileReference; fileEncoding = 4; lastKnownFileType = sourcecode.swift; path = MovieCell.swift; sourceTree = "<group>"; };
/* End PBXFileReference section */

/* Begin PBXFrameworksBuildPhase section */
		EC6490301E3EDDC300EC71DF /* Frameworks */ = {
			isa = PBXFrameworksBuildPhase;
			buildActionMask = 2147483647;
			files = (
				6FDCEC2F333A1A327B497424 /* Pods_MovieViewer.framework in Frameworks */,
			);
			runOnlyForDeploymentPostprocessing = 0;
		};
/* End PBXFrameworksBuildPhase section */

/* Begin PBXGroup section */
		9B6CDC3FFC99FF2A8D030DDE /* Frameworks */ = {
			isa = PBXGroup;
			children = (
				5B02F38C512EE82A005DB50B /* Pods_MovieViewer.framework */,
			);
			name = Frameworks;
			sourceTree = "<group>";
		};
		EB535D7324D544AF11715F2E /* Pods */ = {
			isa = PBXGroup;
			children = (
				5B0E4D780E1A980E94E3FAC4 /* Pods-MovieViewer.debug.xcconfig */,
				AAF091224DAABB502A0C4FBC /* Pods-MovieViewer.release.xcconfig */,
			);
			name = Pods;
			sourceTree = "<group>";
		};
		EC64902A1E3EDDC300EC71DF = {
			isa = PBXGroup;
			children = (
				EC6490351E3EDDC300EC71DF /* MovieViewer */,
				EC6490341E3EDDC300EC71DF /* Products */,
				EB535D7324D544AF11715F2E /* Pods */,
				9B6CDC3FFC99FF2A8D030DDE /* Frameworks */,
			);
			sourceTree = "<group>";
		};
		EC6490341E3EDDC300EC71DF /* Products */ = {
			isa = PBXGroup;
			children = (
				EC6490331E3EDDC300EC71DF /* MovieViewer.app */,
			);
			name = Products;
			sourceTree = "<group>";
		};
		EC6490351E3EDDC300EC71DF /* MovieViewer */ = {
			isa = PBXGroup;
			children = (
				EC7F4AB11E3EFF7F0040BAC1 /* view.controllers */,
				EC7F4AAE1E3EFF410040BAC1 /* Views */,
				EC6490361E3EDDC300EC71DF /* AppDelegate.swift */,
				EC64903A1E3EDDC300EC71DF /* Main.storyboard */,
				EC64903D1E3EDDC300EC71DF /* Assets.xcassets */,
				EC64903F1E3EDDC300EC71DF /* LaunchScreen.storyboard */,
				EC6490421E3EDDC300EC71DF /* Info.plist */,
			);
			path = MovieViewer;
			sourceTree = "<group>";
		};
		EC7F4AAE1E3EFF410040BAC1 /* Views */ = {
			isa = PBXGroup;
			children = (
				EC7F4AAF1E3EFF6C0040BAC1 /* MovieCell.swift */,
			);
			name = Views;
			sourceTree = "<group>";
		};
		EC7F4AB11E3EFF7F0040BAC1 /* view.controllers */ = {
			isa = PBXGroup;
			children = (
				EC6490481E3EE44F00EC71DF /* MoviesViewController.swift */,
			);
			name = view.controllers;
			sourceTree = "<group>";
		};
/* End PBXGroup section */

/* Begin PBXNativeTarget section */
		EC6490321E3EDDC300EC71DF /* MovieViewer */ = {
			isa = PBXNativeTarget;
			buildConfigurationList = EC6490451E3EDDC300EC71DF /* Build configuration list for PBXNativeTarget "MovieViewer" */;
			buildPhases = (
				BDB19CD95266F3020FE7AEA9 /* [CP] Check Pods Manifest.lock */,
				EC64902F1E3EDDC300EC71DF /* Sources */,
				EC6490301E3EDDC300EC71DF /* Frameworks */,
				EC6490311E3EDDC300EC71DF /* Resources */,
				3A55EDAA5749DE25BB58F690 /* [CP] Embed Pods Frameworks */,
				F80A0BB595ACFBB0402B07BB /* [CP] Copy Pods Resources */,
			);
			buildRules = (
			);
			dependencies = (
			);
			name = MovieViewer;
			productName = MovieViewer;
			productReference = EC6490331E3EDDC300EC71DF /* MovieViewer.app */;
			productType = "com.apple.product-type.application";
		};
/* End PBXNativeTarget section */

/* Begin PBXProject section */
		EC64902B1E3EDDC300EC71DF /* Project object */ = {
			isa = PBXProject;
			attributes = {
				LastSwiftUpdateCheck = 0820;
				LastUpgradeCheck = 0820;
				ORGANIZATIONNAME = "Swapnil Tamrakar";
				TargetAttributes = {
					EC6490321E3EDDC300EC71DF = {
						CreatedOnToolsVersion = 8.2.1;
						ProvisioningStyle = Automatic;
					};
				};
			};
			buildConfigurationList = EC64902E1E3EDDC300EC71DF /* Build configuration list for PBXProject "MovieViewer" */;
			compatibilityVersion = "Xcode 3.2";
			developmentRegion = English;
			hasScannedForEncodings = 0;
			knownRegions = (
				en,
				Base,
			);
			mainGroup = EC64902A1E3EDDC300EC71DF;
			productRefGroup = EC6490341E3EDDC300EC71DF /* Products */;
			projectDirPath = "";
			projectRoot = "";
			targets = (
				EC6490321E3EDDC300EC71DF /* MovieViewer */,
			);
		};
/* End PBXProject section */

/* Begin PBXResourcesBuildPhase section */
		EC6490311E3EDDC300EC71DF /* Resources */ = {
			isa = PBXResourcesBuildPhase;
			buildActionMask = 2147483647;
			files = (
				EC6490411E3EDDC300EC71DF /* LaunchScreen.storyboard in Resources */,
				EC64903E1E3EDDC300EC71DF /* Assets.xcassets in Resources */,
				EC64903C1E3EDDC300EC71DF /* Main.storyboard in Resources */,
			);
			runOnlyForDeploymentPostprocessing = 0;
		};
/* End PBXResourcesBuildPhase section */

/* Begin PBXShellScriptBuildPhase section */
		3A55EDAA5749DE25BB58F690 /* [CP] Embed Pods Frameworks */ = {
			isa = PBXShellScriptBuildPhase;
			buildActionMask = 2147483647;
			files = (
			);
			inputPaths = (
			);
			name = "[CP] Embed Pods Frameworks";
			outputPaths = (
			);
			runOnlyForDeploymentPostprocessing = 0;
			shellPath = /bin/sh;
			shellScript = "\"${SRCROOT}/Pods/Target Support Files/Pods-MovieViewer/Pods-MovieViewer-frameworks.sh\"\n";
			showEnvVarsInLog = 0;
		};
		BDB19CD95266F3020FE7AEA9 /* [CP] Check Pods Manifest.lock */ = {
			isa = PBXShellScriptBuildPhase;
			buildActionMask = 2147483647;
			files = (
			);
			inputPaths = (
			);
			name = "[CP] Check Pods Manifest.lock";
			outputPaths = (
			);
			runOnlyForDeploymentPostprocessing = 0;
			shellPath = /bin/sh;
			shellScript = "diff \"${PODS_ROOT}/../Podfile.lock\" \"${PODS_ROOT}/Manifest.lock\" > /dev/null\nif [ $? != 0 ] ; then\n    # print error to STDERR\n    echo \"error: The sandbox is not in sync with the Podfile.lock. Run 'pod install' or update your CocoaPods installation.\" >&2\n    exit 1\nfi\n";
			showEnvVarsInLog = 0;
		};
		F80A0BB595ACFBB0402B07BB /* [CP] Copy Pods Resources */ = {
			isa = PBXShellScriptBuildPhase;
			buildActionMask = 2147483647;
			files = (
			);
			inputPaths = (
			);
			name = "[CP] Copy Pods Resources";
			outputPaths = (
			);
			runOnlyForDeploymentPostprocessing = 0;
			shellPath = /bin/sh;
			shellScript = "\"${SRCROOT}/Pods/Target Support Files/Pods-MovieViewer/Pods-MovieViewer-resources.sh\"\n";
			showEnvVarsInLog = 0;
		};
/* End PBXShellScriptBuildPhase section */

/* Begin PBXSourcesBuildPhase section */
		EC64902F1E3EDDC300EC71DF /* Sources */ = {
			isa = PBXSourcesBuildPhase;
			buildActionMask = 2147483647;
			files = (
				EC6490371E3EDDC300EC71DF /* AppDelegate.swift in Sources */,
				EC6490491E3EE44F00EC71DF /* MoviesViewController.swift in Sources */,
				EC7F4AB01E3EFF6C0040BAC1 /* MovieCell.swift in Sources */,
			);
			runOnlyForDeploymentPostprocessing = 0;
		};
/* End PBXSourcesBuildPhase section */

/* Begin PBXVariantGroup section */
		EC64903A1E3EDDC300EC71DF /* Main.storyboard */ = {
			isa = PBXVariantGroup;
			children = (
				EC64903B1E3EDDC300EC71DF /* Base */,
			);
			name = Main.storyboard;
			sourceTree = "<group>";
		};
		EC64903F1E3EDDC300EC71DF /* LaunchScreen.storyboard */ = {
			isa = PBXVariantGroup;
			children = (
				EC6490401E3EDDC300EC71DF /* Base */,
			);
			name = LaunchScreen.storyboard;
			sourceTree = "<group>";
		};
/* End PBXVariantGroup section */

/* Begin XCBuildConfiguration section */
		EC6490431E3EDDC300EC71DF /* Debug */ = {
			isa = XCBuildConfiguration;
			buildSettings = {
				ALWAYS_SEARCH_USER_PATHS = NO;
				CLANG_ANALYZER_NONNULL = YES;
				CLANG_CXX_LANGUAGE_STANDARD = "gnu++0x";
				CLANG_CXX_LIBRARY = "libc++";
				CLANG_ENABLE_MODULES = YES;
				CLANG_ENABLE_OBJC_ARC = YES;
				CLANG_WARN_BOOL_CONVERSION = YES;
				CLANG_WARN_CONSTANT_CONVERSION = YES;
				CLANG_WARN_DIRECT_OBJC_ISA_USAGE = YES_ERROR;
				CLANG_WARN_DOCUMENTATION_COMMENTS = YES;
				CLANG_WARN_EMPTY_BODY = YES;
				CLANG_WARN_ENUM_CONVERSION = YES;
				CLANG_WARN_INFINITE_RECURSION = YES;
				CLANG_WARN_INT_CONVERSION = YES;
				CLANG_WARN_OBJC_ROOT_CLASS = YES_ERROR;
				CLANG_WARN_SUSPICIOUS_MOVE = YES;
				CLANG_WARN_UNREACHABLE_CODE = YES;
				CLANG_WARN__DUPLICATE_METHOD_MATCH = YES;
				"CODE_SIGN_IDENTITY[sdk=iphoneos*]" = "iPhone Developer";
				COPY_PHASE_STRIP = NO;
				DEBUG_INFORMATION_FORMAT = dwarf;
				ENABLE_STRICT_OBJC_MSGSEND = YES;
				ENABLE_TESTABILITY = YES;
				GCC_C_LANGUAGE_STANDARD = gnu99;
				GCC_DYNAMIC_NO_PIC = NO;
				GCC_NO_COMMON_BLOCKS = YES;
				GCC_OPTIMIZATION_LEVEL = 0;
				GCC_PREPROCESSOR_DEFINITIONS = (
					"DEBUG=1",
					"$(inherited)",
				);
				GCC_WARN_64_TO_32_BIT_CONVERSION = YES;
				GCC_WARN_ABOUT_RETURN_TYPE = YES_ERROR;
				GCC_WARN_UNDECLARED_SELECTOR = YES;
				GCC_WARN_UNINITIALIZED_AUTOS = YES_AGGRESSIVE;
				GCC_WARN_UNUSED_FUNCTION = YES;
				GCC_WARN_UNUSED_VARIABLE = YES;
				IPHONEOS_DEPLOYMENT_TARGET = 10.2;
				MTL_ENABLE_DEBUG_INFO = YES;
				ONLY_ACTIVE_ARCH = YES;
				SDKROOT = iphoneos;
				SWIFT_ACTIVE_COMPILATION_CONDITIONS = DEBUG;
				SWIFT_OPTIMIZATION_LEVEL = "-Onone";
				TARGETED_DEVICE_FAMILY = "1,2";
			};
			name = Debug;
		};
		EC6490441E3EDDC300EC71DF /* Release */ = {
			isa = XCBuildConfiguration;
			buildSettings = {
				ALWAYS_SEARCH_USER_PATHS = NO;
				CLANG_ANALYZER_NONNULL = YES;
				CLANG_CXX_LANGUAGE_STANDARD = "gnu++0x";
				CLANG_CXX_LIBRARY = "libc++";
				CLANG_ENABLE_MODULES = YES;
				CLANG_ENABLE_OBJC_ARC = YES;
				CLANG_WARN_BOOL_CONVERSION = YES;
				CLANG_WARN_CONSTANT_CONVERSION = YES;
				CLANG_WARN_DIRECT_OBJC_ISA_USAGE = YES_ERROR;
				CLANG_WARN_DOCUMENTATION_COMMENTS = YES;
				CLANG_WARN_EMPTY_BODY = YES;
				CLANG_WARN_ENUM_CONVERSION = YES;
				CLANG_WARN_INFINITE_RECURSION = YES;
				CLANG_WARN_INT_CONVERSION = YES;
				CLANG_WARN_OBJC_ROOT_CLASS = YES_ERROR;
				CLANG_WARN_SUSPICIOUS_MOVE = YES;
				CLANG_WARN_UNREACHABLE_CODE = YES;
				CLANG_WARN__DUPLICATE_METHOD_MATCH = YES;
				"CODE_SIGN_IDENTITY[sdk=iphoneos*]" = "iPhone Developer";
				COPY_PHASE_STRIP = NO;
				DEBUG_INFORMATION_FORMAT = "dwarf-with-dsym";
				ENABLE_NS_ASSERTIONS = NO;
				ENABLE_STRICT_OBJC_MSGSEND = YES;
				GCC_C_LANGUAGE_STANDARD = gnu99;
				GCC_NO_COMMON_BLOCKS = YES;
				GCC_WARN_64_TO_32_BIT_CONVERSION = YES;
				GCC_WARN_ABOUT_RETURN_TYPE = YES_ERROR;
				GCC_WARN_UNDECLARED_SELECTOR = YES;
				GCC_WARN_UNINITIALIZED_AUTOS = YES_AGGRESSIVE;
				GCC_WARN_UNUSED_FUNCTION = YES;
				GCC_WARN_UNUSED_VARIABLE = YES;
				IPHONEOS_DEPLOYMENT_TARGET = 10.2;
				MTL_ENABLE_DEBUG_INFO = NO;
				SDKROOT = iphoneos;
				SWIFT_OPTIMIZATION_LEVEL = "-Owholemodule";
				TARGETED_DEVICE_FAMILY = "1,2";
				VALIDATE_PRODUCT = YES;
			};
			name = Release;
		};
		EC6490461E3EDDC300EC71DF /* Debug */ = {
			isa = XCBuildConfiguration;
			baseConfigurationReference = 5B0E4D780E1A980E94E3FAC4 /* Pods-MovieViewer.debug.xcconfig */;
			buildSettings = {
				ASSETCATALOG_COMPILER_APPICON_NAME = AppIcon;
				INFOPLIST_FILE = MovieViewer/Info.plist;
				LD_RUNPATH_SEARCH_PATHS = "$(inherited) @executable_path/Frameworks";
				PRODUCT_BUNDLE_IDENTIFIER = swapniltamrakar.MovieViewer;
				PRODUCT_NAME = "$(TARGET_NAME)";
				SWIFT_VERSION = 3.0;
			};
			name = Debug;
		};
		EC6490471E3EDDC300EC71DF /* Release */ = {
			isa = XCBuildConfiguration;
			baseConfigurationReference = AAF091224DAABB502A0C4FBC /* Pods-MovieViewer.release.xcconfig */;
			buildSettings = {
				ASSETCATALOG_COMPILER_APPICON_NAME = AppIcon;
				INFOPLIST_FILE = MovieViewer/Info.plist;
				LD_RUNPATH_SEARCH_PATHS = "$(inherited) @executable_path/Frameworks";
				PRODUCT_BUNDLE_IDENTIFIER = swapniltamrakar.MovieViewer;
				PRODUCT_NAME = "$(TARGET_NAME)";
				SWIFT_VERSION = 3.0;
			};
			name = Release;
		};
/* End XCBuildConfiguration section */

/* Begin XCConfigurationList section */
		EC64902E1E3EDDC300EC71DF /* Build configuration list for PBXProject "MovieViewer" */ = {
			isa = XCConfigurationList;
			buildConfigurations = (
				EC6490431E3EDDC300EC71DF /* Debug */,
				EC6490441E3EDDC300EC71DF /* Release */,
			);
			defaultConfigurationIsVisible = 0;
			defaultConfigurationName = Release;
		};
		EC6490451E3EDDC300EC71DF /* Build configuration list for PBXNativeTarget "MovieViewer" */ = {
			isa = XCConfigurationList;
			buildConfigurations = (
				EC6490461E3EDDC300EC71DF /* Debug */,
				EC6490471E3EDDC300EC71DF /* Release */,
			);
			defaultConfigurationIsVisible = 0;
			defaultConfigurationName = Release;
		};
/* End XCConfigurationList section */
	};
	rootObject = EC64902B1E3EDDC300EC71DF /* Project object */;
}
